PODS:
  - FBRetainCycleDetector (0.1.4)
  - Masonry (1.1.0)
  - MCUIKit (0.3.8):
    - SDWebImage
  - MLeaksFinder (1.0.0):
    - FBRetainCycleDetector
  - SDWebImage (5.5.2):
    - SDWebImage/Core (= 5.5.2)
  - SDWebImage/Core (5.5.2)

DEPENDENCIES:
  - Masonry
  - MCUIKit (from `../`)
  - MLeaksFinder

SPEC REPOS:
  trunk:
    - FBRetainCycleDetector
    - Masonry
    - MLeaksFinder
    - SDWebImage

EXTERNAL SOURCES:
  MCUIKit:
    :path: "../"

SPEC CHECKSUMS:
  FBRetainCycleDetector: 46f8179bbb1c587deee3ea838a1a3ee02acf5015
  Masonry: 678fab65091a9290e40e2832a55e7ab731aad201
  MCUIKit: db6016c7c838c5feeeefff574cbc2c89f5adfeb9
  MLeaksFinder: 8c435bd2f6d070af18cff082b503b21adc130fc0
  SDWebImage: 4d5c027c935438f341ed33dbac53ff9f479922ca

PODFILE CHECKSUM: 5bb895f3da3ac9b554280c55bda6f09e8a4ccfea

COCOAPODS: 1.9.1
